{
  "version": "3",
  "packages": {
    "specifiers": {
      "jsr:@core/unknownutil@^3.17.2": "jsr:@core/unknownutil@3.18.1",
      "jsr:@core/unknownutil@^3.18.0": "jsr:@core/unknownutil@3.18.1",
      "jsr:@core/unknownutil@^4.0.0": "jsr:@core/unknownutil@4.0.0",
      "jsr:@denops/core@^7.0.0": "jsr:@denops/core@7.0.1",
      "jsr:@denops/std@^7.0.0": "jsr:@denops/std@7.0.3",
      "jsr:@denops/test@^3.0.1": "jsr:@denops/test@3.0.3",
      "jsr:@lambdalisue/errorutil@^1.0.0": "jsr:@lambdalisue/errorutil@1.1.0",
      "jsr:@lambdalisue/indexer@^1.0.0": "jsr:@lambdalisue/indexer@1.0.0",
      "jsr:@lambdalisue/itertools@^1.1.2": "jsr:@lambdalisue/itertools@1.1.2",
      "jsr:@lambdalisue/messagepack-rpc@^2.1.1": "jsr:@lambdalisue/messagepack-rpc@2.4.0",
      "jsr:@lambdalisue/messagepack@^1.0.1": "jsr:@lambdalisue/messagepack@1.0.1",
      "jsr:@lambdalisue/reservator@^1.0.1": "jsr:@lambdalisue/reservator@1.0.1",
      "jsr:@lambdalisue/streamtools@^1.0.0": "jsr:@lambdalisue/streamtools@1.0.0",
      "jsr:@lambdalisue/unreachable@^1.0.1": "jsr:@lambdalisue/unreachable@1.0.1",
      "jsr:@nick/dispose@^1.1.0": "jsr:@nick/dispose@1.1.0",
      "jsr:@std/assert@^1.0.0": "jsr:@std/assert@1.0.2",
      "jsr:@std/assert@^1.0.2": "jsr:@std/assert@1.0.2",
      "jsr:@std/async@^1.0.0": "jsr:@std/async@1.0.2",
      "jsr:@std/async@^1.0.1": "jsr:@std/async@1.0.2",
      "jsr:@std/bytes@^0.221.0": "jsr:@std/bytes@0.221.0",
      "jsr:@std/bytes@^1.0.0-rc.3": "jsr:@std/bytes@1.0.2",
      "jsr:@std/bytes@^1.0.2-rc.3": "jsr:@std/bytes@1.0.2",
      "jsr:@std/collections@^1.0.5": "jsr:@std/collections@1.0.5",
      "jsr:@std/fs@^1.0.0": "jsr:@std/fs@1.0.1",
      "jsr:@std/internal@^1.0.1": "jsr:@std/internal@1.0.1",
      "jsr:@std/io@^0.224.1": "jsr:@std/io@0.224.4",
      "jsr:@std/path@^1.0.1": "jsr:@std/path@1.0.2",
      "jsr:@std/path@^1.0.2": "jsr:@std/path@1.0.2",
      "jsr:@std/semver@^1.0.0": "jsr:@std/semver@1.0.0",
      "jsr:@std/streams@^0.224.5": "jsr:@std/streams@0.224.5",
      "jsr:@std/testing@^1.0.0": "jsr:@std/testing@1.0.0",
      "jsr:@std/ulid@^1.0.0": "jsr:@std/ulid@1.0.0",
      "npm:msgpackr@^1.10.1": "npm:msgpackr@1.11.0"
    },
    "jsr": {
      "@core/unknownutil@3.18.1": {
        "integrity": "6aaa108b623ff971d062dd345da7ca03b97f61ae3d29c8677bff14fec11f0d76"
      },
      "@core/unknownutil@4.0.0": {
        "integrity": "969d76d65164ac7f3f6ea11f47ee70b3d03ff95b8bc2be849e7cf33e20183842"
      },
      "@denops/core@7.0.1": {
        "integrity": "ede39eec60de6d5bf0fbc0337d3e420a9689cc48afea8c71752e6c0fb630bde0"
      },
      "@denops/std@7.0.3": {
        "integrity": "7275bd68a97d977335256f18a7cb53945e196b2cbdff23fe104ddb5b13b1a5cf",
        "dependencies": [
          "jsr:@core/unknownutil@^4.0.0",
          "jsr:@denops/core@^7.0.0",
          "jsr:@lambdalisue/errorutil@^1.0.0",
          "jsr:@lambdalisue/itertools@^1.1.2",
          "jsr:@lambdalisue/unreachable@^1.0.1",
          "jsr:@std/fs@^1.0.0",
          "jsr:@std/path@^1.0.2",
          "jsr:@std/semver@^1.0.0",
          "jsr:@std/ulid@^1.0.0"
        ]
      },
      "@denops/test@3.0.3": {
        "integrity": "6e29eb6757262eabea034976f94a98de9d11f437c630c117543a59d4bb6c9fc8",
        "dependencies": [
          "jsr:@core/unknownutil@^4.0.0",
          "jsr:@denops/core@^7.0.0",
          "jsr:@lambdalisue/errorutil@^1.0.0",
          "jsr:@lambdalisue/messagepack-rpc@^2.1.1",
          "jsr:@std/async@^1.0.0",
          "jsr:@std/collections@^1.0.5",
          "jsr:@std/path@^1.0.1",
          "jsr:@std/streams@^0.224.5"
        ]
      },
      "@lambdalisue/errorutil@1.1.0": {
        "integrity": "704ca2d517a3ea5b6936ff139cbcb409cdd10ed3b70c9dbf5df857edd67062b0",
        "dependencies": [
          "jsr:@core/unknownutil@^3.18.0"
        ]
      },
      "@lambdalisue/indexer@1.0.0": {
        "integrity": "f1dbbca13a0cb3b8d87533f3ac807ba2881107e28a7eb7eb85ac1b1c5d6a5c42"
      },
      "@lambdalisue/itertools@1.1.2": {
        "integrity": "1b8c45a5ab7102a3ff1aa64c8ec0bdb12aee845bec5bf85458ed83446125587a"
      },
      "@lambdalisue/messagepack-rpc@2.4.0": {
        "integrity": "51b9aabe1ce88c3309e12fa834f2a8340ffcd0611f53ea012d28c8f9328ea7d2",
        "dependencies": [
          "jsr:@core/unknownutil@^3.17.2",
          "jsr:@lambdalisue/indexer@^1.0.0",
          "jsr:@lambdalisue/messagepack@^1.0.1",
          "jsr:@lambdalisue/reservator@^1.0.1",
          "jsr:@lambdalisue/streamtools@^1.0.0"
        ]
      },
      "@lambdalisue/messagepack@1.0.1": {
        "integrity": "e35888d9ac295826f24234f10f7ef660c890b506eb09fac1f7509798e94c525a",
        "dependencies": [
          "jsr:@std/bytes@^0.221.0",
          "npm:msgpackr@^1.10.1"
        ]
      },
      "@lambdalisue/reservator@1.0.1": {
        "integrity": "daf9189747c5cb2ad49e42ad3c65ec367684e1765ebb856a0ad6d754b3e650c4"
      },
      "@lambdalisue/streamtools@1.0.0": {
        "integrity": "4745009d48dee12e497313982d1b42f768dfa1728ee8d5269dcf0435ca5c094d",
        "dependencies": [
          "jsr:@std/bytes@^0.221.0"
        ]
      },
      "@lambdalisue/unreachable@1.0.1": {
        "integrity": "24b0743775e92ea0d076beaf0869bfbe4708054ac570742628684fb35ccda0d4"
      },
      "@nick/dispose@1.1.0": {
        "integrity": "73a15b90cb48e1435801258ba3ac7a19382823349dedcacbb8e5b5b673ce9d17"
      },
      "@std/assert@1.0.2": {
        "integrity": "ccacec332958126deaceb5c63ff8b4eaf9f5ed0eac9feccf124110435e59e49c",
        "dependencies": [
          "jsr:@std/internal@^1.0.1"
        ]
      },
      "@std/async@1.0.2": {
        "integrity": "36e7f0f922c843b45df546857d269f01ed4d0406aced2a6639eac325b2435e43"
      },
      "@std/bytes@0.221.0": {
        "integrity": "64a047011cf833890a4a2ab7293ac55a1b4f5a050624ebc6a0159c357de91966"
      },
      "@std/bytes@1.0.2": {
        "integrity": "fbdee322bbd8c599a6af186a1603b3355e59a5fb1baa139f8f4c3c9a1b3e3d57"
      },
      "@std/collections@1.0.5": {
        "integrity": "ab9eac23b57a0c0b89ba45134e61561f69f3d001f37235a248ed40be260c0c10"
      },
      "@std/fs@1.0.1": {
        "integrity": "d6914ca2c21abe591f733b31dbe6331e446815e513e2451b3b9e472daddfefcb",
        "dependencies": [
          "jsr:@std/path@^1.0.2"
        ]
      },
      "@std/internal@1.0.1": {
        "integrity": "6f8c7544d06a11dd256c8d6ba54b11ed870aac6c5aeafff499892662c57673e6"
      },
      "@std/io@0.224.4": {
        "integrity": "bce1151765e4e70e376039fd72c71672b4d4aae363878a5ee3e58361b81197ec",
        "dependencies": [
          "jsr:@std/bytes@^1.0.2-rc.3"
        ]
      },
      "@std/path@1.0.2": {
        "integrity": "a452174603f8c620bd278a380c596437a9eef50c891c64b85812f735245d9ec7"
      },
      "@std/semver@1.0.0": {
        "integrity": "4341f471970bb37ef8696b4f81b8fcbd54ebbc84ebdc9a8fc6441f1215067316"
      },
      "@std/streams@0.224.5": {
        "integrity": "bcde7818dd5460d474cdbd674b15f6638b9cd73cd64e52bd852fba2bd4d8ec91",
        "dependencies": [
          "jsr:@std/bytes@^1.0.0-rc.3",
          "jsr:@std/io@^0.224.1"
        ]
      },
      "@std/testing@1.0.0": {
        "integrity": "27cfc06392c69c2acffe54e6d0bcb5f961cf193f519255372bd4fff1481bfef8",
        "dependencies": [
          "jsr:@std/assert@^1.0.2"
        ]
      },
      "@std/ulid@1.0.0": {
        "integrity": "d41c3d27a907714413649fee864b7cde8d42ee68437d22b79d5de4f81d808780"
      }
    },
    "npm": {
      "msgpackr@1.11.0": {
        "integrity": "sha512-I8qXuuALqJe5laEBYoFykChhSXLikZmUhccjGsPuSJ/7uPip2TJ7lwdIQwWSAi0jGZDXv4WOP8Qg65QZRuXxXw==",
        "dependencies": {}
      }
    }
  },
  "remote": {},
  "workspace": {
    "dependencies": [
      "jsr:@denops/core@^7.0.0",
      "jsr:@denops/std@^7.0.0",
      "jsr:@denops/test@^3.0.1",
      "jsr:@nick/dispose@^1.1.0",
      "jsr:@std/assert@^1.0.0",
      "jsr:@std/async@^1.0.1",
      "jsr:@std/testing@^1.0.0"
    ]
  }
}
